
Microsoft Visual Studio Solution File, Format Version 12.00
# Visual Studio 14
VisualStudioVersion = 14.0.22823.1
MinimumVisualStudioVersion = 10.0.40219.1
Project("{2150E333-8FDC-42A3-9474-1A3956D46DE8}") = "src", "src", "{772FC8C1-F880-4EF7-A886-63CA7F1C0BE9}"
EndProject
Project("{2150E333-8FDC-42A3-9474-1A3956D46DE8}") = "Solution Items", "Solution Items", "{B058B2F2-B0A3-490F-80BB-1D6CECC14BE7}"
	ProjectSection(SolutionItems) = preProject
		global.json = global.json
	EndProjectSection
EndProject
Project("{8BB2217D-0F2D-49D1-97BC-3654ED321F3B}") = "RsxBox.Email", "src\RsxBox.Email\RsxBox.Email.xproj", "{FC035A22-6CDD-4F59-8EA9-8EBA03C0DE6D}"
EndProject
Project("{8BB2217D-0F2D-49D1-97BC-3654ED321F3B}") = "RsxBox.Email.Core", "src\RsxBox.Email.Core\RsxBox.Email.Core.xproj", "{83E6ECE2-54ED-488C-BB7C-87089C8ED5A3}"
EndProject
Project("{2150E333-8FDC-42A3-9474-1A3956D46DE8}") = "dev", "dev", "{8E78873C-B5A2-4FD4-84D6-1597B1084B96}"
EndProject
Project("{2150E333-8FDC-42A3-9474-1A3956D46DE8}") = "test", "test", "{D3813532-11D8-40FC-91DB-929FD90710A6}"
EndProject
Project("{8BB2217D-0F2D-49D1-97BC-3654ED321F3B}") = "RsxBox.Email.Core.Models", "src\RsxBox.Email.Core.Models\RsxBox.Email.Core.Models.xproj", "{8968A093-2FED-449D-A05F-27B907301E3E}"
EndProject
Project("{8BB2217D-0F2D-49D1-97BC-3654ED321F3B}") = "RsxBox.Email.EF", "src\RsxBox.Email.EF\RsxBox.Email.EF.xproj", "{9BA83957-7B77-4310-8D83-441F59BE30FE}"
EndProject
Project("{8BB2217D-0F2D-49D1-97BC-3654ED321F3B}") = "RsxBox.Email.Utilities", "src\RsxBox.Email.Utilities\RsxBox.Email.Utilities.xproj", "{B343725C-8A4A-42D5-A42C-B0D2847B89BF}"
EndProject
Project("{8BB2217D-0F2D-49D1-97BC-3654ED321F3B}") = "RsxBox.Email.Owin", "src\RsxBox.Email.Owin\RsxBox.Email.Owin.xproj", "{5C604968-198D-4E74-BB3E-8D9FDE626C29}"
EndProject
Project("{8BB2217D-0F2D-49D1-97BC-3654ED321F3B}") = "RsxBox.Email.Owin.WebApi", "src\RsxBox.Email.Owin.WebApi\RsxBox.Email.Owin.WebApi.xproj", "{508D3591-E619-4184-801A-3D87A27A7A30}"
EndProject
Project("{8BB2217D-0F2D-49D1-97BC-3654ED321F3B}") = "RsxBox.Email.Owin.Mvc", "src\RsxBox.Email.Owin.Mvc\RsxBox.Email.Owin.Mvc.xproj", "{BB0E7A65-D116-41AA-9F8B-A07529719562}"
EndProject
Project("{8BB2217D-0F2D-49D1-97BC-3654ED321F3B}") = "RsxBox.Email.DevWebHost", "dev\RsxBox.Email.DevWebHost\RsxBox.Email.DevWebHost.xproj", "{FAC6E25E-39B4-4B87-AE70-24970870DC70}"
EndProject
Global
	GlobalSection(SolutionConfigurationPlatforms) = preSolution
		Debug|Any CPU = Debug|Any CPU
		Release|Any CPU = Release|Any CPU
	EndGlobalSection
	GlobalSection(ProjectConfigurationPlatforms) = postSolution
		{FC035A22-6CDD-4F59-8EA9-8EBA03C0DE6D}.Debug|Any CPU.ActiveCfg = Debug|Any CPU
		{FC035A22-6CDD-4F59-8EA9-8EBA03C0DE6D}.Debug|Any CPU.Build.0 = Debug|Any CPU
		{FC035A22-6CDD-4F59-8EA9-8EBA03C0DE6D}.Release|Any CPU.ActiveCfg = Release|Any CPU
		{FC035A22-6CDD-4F59-8EA9-8EBA03C0DE6D}.Release|Any CPU.Build.0 = Release|Any CPU
		{83E6ECE2-54ED-488C-BB7C-87089C8ED5A3}.Debug|Any CPU.ActiveCfg = Debug|Any CPU
		{83E6ECE2-54ED-488C-BB7C-87089C8ED5A3}.Debug|Any CPU.Build.0 = Debug|Any CPU
		{83E6ECE2-54ED-488C-BB7C-87089C8ED5A3}.Release|Any CPU.ActiveCfg = Release|Any CPU
		{83E6ECE2-54ED-488C-BB7C-87089C8ED5A3}.Release|Any CPU.Build.0 = Release|Any CPU
		{8968A093-2FED-449D-A05F-27B907301E3E}.Debug|Any CPU.ActiveCfg = Debug|Any CPU
		{8968A093-2FED-449D-A05F-27B907301E3E}.Debug|Any CPU.Build.0 = Debug|Any CPU
		{8968A093-2FED-449D-A05F-27B907301E3E}.Release|Any CPU.ActiveCfg = Release|Any CPU
		{8968A093-2FED-449D-A05F-27B907301E3E}.Release|Any CPU.Build.0 = Release|Any CPU
		{9BA83957-7B77-4310-8D83-441F59BE30FE}.Debug|Any CPU.ActiveCfg = Debug|Any CPU
		{9BA83957-7B77-4310-8D83-441F59BE30FE}.Debug|Any CPU.Build.0 = Debug|Any CPU
		{9BA83957-7B77-4310-8D83-441F59BE30FE}.Release|Any CPU.ActiveCfg = Release|Any CPU
		{9BA83957-7B77-4310-8D83-441F59BE30FE}.Release|Any CPU.Build.0 = Release|Any CPU
		{B343725C-8A4A-42D5-A42C-B0D2847B89BF}.Debug|Any CPU.ActiveCfg = Debug|Any CPU
		{B343725C-8A4A-42D5-A42C-B0D2847B89BF}.Debug|Any CPU.Build.0 = Debug|Any CPU
		{B343725C-8A4A-42D5-A42C-B0D2847B89BF}.Release|Any CPU.ActiveCfg = Release|Any CPU
		{B343725C-8A4A-42D5-A42C-B0D2847B89BF}.Release|Any CPU.Build.0 = Release|Any CPU
		{5C604968-198D-4E74-BB3E-8D9FDE626C29}.Debug|Any CPU.ActiveCfg = Debug|Any CPU
		{5C604968-198D-4E74-BB3E-8D9FDE626C29}.Debug|Any CPU.Build.0 = Debug|Any CPU
		{5C604968-198D-4E74-BB3E-8D9FDE626C29}.Release|Any CPU.ActiveCfg = Release|Any CPU
		{5C604968-198D-4E74-BB3E-8D9FDE626C29}.Release|Any CPU.Build.0 = Release|Any CPU
		{508D3591-E619-4184-801A-3D87A27A7A30}.Debug|Any CPU.ActiveCfg = Debug|Any CPU
		{508D3591-E619-4184-801A-3D87A27A7A30}.Debug|Any CPU.Build.0 = Debug|Any CPU
		{508D3591-E619-4184-801A-3D87A27A7A30}.Release|Any CPU.ActiveCfg = Release|Any CPU
		{508D3591-E619-4184-801A-3D87A27A7A30}.Release|Any CPU.Build.0 = Release|Any CPU
		{BB0E7A65-D116-41AA-9F8B-A07529719562}.Debug|Any CPU.ActiveCfg = Debug|Any CPU
		{BB0E7A65-D116-41AA-9F8B-A07529719562}.Debug|Any CPU.Build.0 = Debug|Any CPU
		{BB0E7A65-D116-41AA-9F8B-A07529719562}.Release|Any CPU.ActiveCfg = Release|Any CPU
		{BB0E7A65-D116-41AA-9F8B-A07529719562}.Release|Any CPU.Build.0 = Release|Any CPU
		{FAC6E25E-39B4-4B87-AE70-24970870DC70}.Debug|Any CPU.ActiveCfg = Debug|Any CPU
		{FAC6E25E-39B4-4B87-AE70-24970870DC70}.Debug|Any CPU.Build.0 = Debug|Any CPU
		{FAC6E25E-39B4-4B87-AE70-24970870DC70}.Release|Any CPU.ActiveCfg = Release|Any CPU
		{FAC6E25E-39B4-4B87-AE70-24970870DC70}.Release|Any CPU.Build.0 = Release|Any CPU
	EndGlobalSection
	GlobalSection(SolutionProperties) = preSolution
		HideSolutionNode = FALSE
	EndGlobalSection
	GlobalSection(NestedProjects) = preSolution
		{FC035A22-6CDD-4F59-8EA9-8EBA03C0DE6D} = {772FC8C1-F880-4EF7-A886-63CA7F1C0BE9}
		{83E6ECE2-54ED-488C-BB7C-87089C8ED5A3} = {772FC8C1-F880-4EF7-A886-63CA7F1C0BE9}
		{8968A093-2FED-449D-A05F-27B907301E3E} = {772FC8C1-F880-4EF7-A886-63CA7F1C0BE9}
		{9BA83957-7B77-4310-8D83-441F59BE30FE} = {772FC8C1-F880-4EF7-A886-63CA7F1C0BE9}
		{B343725C-8A4A-42D5-A42C-B0D2847B89BF} = {772FC8C1-F880-4EF7-A886-63CA7F1C0BE9}
		{5C604968-198D-4E74-BB3E-8D9FDE626C29} = {772FC8C1-F880-4EF7-A886-63CA7F1C0BE9}
		{508D3591-E619-4184-801A-3D87A27A7A30} = {772FC8C1-F880-4EF7-A886-63CA7F1C0BE9}
		{BB0E7A65-D116-41AA-9F8B-A07529719562} = {772FC8C1-F880-4EF7-A886-63CA7F1C0BE9}
		{FAC6E25E-39B4-4B87-AE70-24970870DC70} = {8E78873C-B5A2-4FD4-84D6-1597B1084B96}
	EndGlobalSection
EndGlobal
